
Microsoft Visual Studio Solution File, Format Version 12.00
# Visual Studio Version 17
VisualStudioVersion = 17.14.36202.13 d17.14
MinimumVisualStudioVersion = 10.0.40219.1
Project("{FAE04EC0-301F-11D3-BF4B-00C04F79EFBC}") = "Learn Controller", "Learn Controller.csproj", "{C3FAC3DA-6344-4BCF-990B-8F9928B272FB}"
EndProject
Global
	GlobalSection(SolutionConfigurationPlatforms) = preSolution
		Debug|Any CPU = Debug|Any CPU
		Release|Any CPU = Release|Any CPU
	EndGlobalSection
	GlobalSection(ProjectConfigurationPlatforms) = postSolution
		{C3FAC3DA-6344-4BCF-990B-8F9928B272FB}.Debug|Any CPU.ActiveCfg = Debug|Any CPU
		{C3FAC3DA-6344-4BCF-990B-8F9928B272FB}.Debug|Any CPU.Build.0 = Debug|Any CPU
		{C3FAC3DA-6344-4BCF-990B-8F9928B272FB}.Release|Any CPU.ActiveCfg = Release|Any CPU
		{C3FAC3DA-6344-4BCF-990B-8F9928B272FB}.Release|Any CPU.Build.0 = Release|Any CPU
	EndGlobalSection
	GlobalSection(SolutionProperties) = preSolution
		HideSolutionNode = FALSE
	EndGlobalSection
	GlobalSection(ExtensibilityGlobals) = postSolution
		SolutionGuid = {F96FC655-822C-4A12-8AC6-168701FD7270}
	EndGlobalSection
EndGlobal
